
Microsoft Visual Studio Solution File, Format Version 12.00
# Visual Studio Version 17
VisualStudioVersion = 17.9.34714.143
MinimumVisualStudioVersion = 10.0.40219.1
Project("{9A19103F-16F7-4668-BE54-9A1E7A4F7556}") = "OrderService", "OrderService\OrderService.csproj", "{E7020DC6-7688-43FD-993B-FCA242CCA1E6}"
EndProject
Project("{9A19103F-16F7-4668-BE54-9A1E7A4F7556}") = "InventoryService", "InventoryService\InventoryService.csproj", "{FD8AEDC8-5870-448A-A1B6-821098EF4750}"
EndProject
Project("{9A19103F-16F7-4668-BE54-9A1E7A4F7556}") = "APIGateway", "APIGateway\APIGateway.csproj", "{AE950500-C1E5-4731-9540-B68C27E3B271}"
EndProject
Project("{FAE04EC0-301F-11D3-BF4B-00C04F79EFBC}") = "NotificationsService", "NotificationsService\NotificationsService.csproj", "{C431FF10-82B2-4511-A9E2-9652C9F13785}"
EndProject
Global
	GlobalSection(SolutionConfigurationPlatforms) = preSolution
		Debug|Any CPU = Debug|Any CPU
		Release|Any CPU = Release|Any CPU
	EndGlobalSection
	GlobalSection(ProjectConfigurationPlatforms) = postSolution
		{E7020DC6-7688-43FD-993B-FCA242CCA1E6}.Debug|Any CPU.ActiveCfg = Debug|Any CPU
		{E7020DC6-7688-43FD-993B-FCA242CCA1E6}.Debug|Any CPU.Build.0 = Debug|Any CPU
		{E7020DC6-7688-43FD-993B-FCA242CCA1E6}.Release|Any CPU.ActiveCfg = Release|Any CPU
		{E7020DC6-7688-43FD-993B-FCA242CCA1E6}.Release|Any CPU.Build.0 = Release|Any CPU
		{FD8AEDC8-5870-448A-A1B6-821098EF4750}.Debug|Any CPU.ActiveCfg = Debug|Any CPU
		{FD8AEDC8-5870-448A-A1B6-821098EF4750}.Debug|Any CPU.Build.0 = Debug|Any CPU
		{FD8AEDC8-5870-448A-A1B6-821098EF4750}.Release|Any CPU.ActiveCfg = Release|Any CPU
		{FD8AEDC8-5870-448A-A1B6-821098EF4750}.Release|Any CPU.Build.0 = Release|Any CPU
		{AE950500-C1E5-4731-9540-B68C27E3B271}.Debug|Any CPU.ActiveCfg = Debug|Any CPU
		{AE950500-C1E5-4731-9540-B68C27E3B271}.Debug|Any CPU.Build.0 = Debug|Any CPU
		{AE950500-C1E5-4731-9540-B68C27E3B271}.Release|Any CPU.ActiveCfg = Release|Any CPU
		{AE950500-C1E5-4731-9540-B68C27E3B271}.Release|Any CPU.Build.0 = Release|Any CPU
		{C431FF10-82B2-4511-A9E2-9652C9F13785}.Debug|Any CPU.ActiveCfg = Debug|Any CPU
		{C431FF10-82B2-4511-A9E2-9652C9F13785}.Debug|Any CPU.Build.0 = Debug|Any CPU
		{C431FF10-82B2-4511-A9E2-9652C9F13785}.Release|Any CPU.ActiveCfg = Release|Any CPU
		{C431FF10-82B2-4511-A9E2-9652C9F13785}.Release|Any CPU.Build.0 = Release|Any CPU
	EndGlobalSection
	GlobalSection(SolutionProperties) = preSolution
		HideSolutionNode = FALSE
	EndGlobalSection
	GlobalSection(ExtensibilityGlobals) = postSolution
		SolutionGuid = {BDD210DE-E681-4AD2-8AFA-C0C4F70D1577}
	EndGlobalSection
EndGlobal
